
Microsoft Visual Studio Solution File, Format Version 12.00
# Visual Studio Version 16
VisualStudioVersion = 16.0.31727.386
MinimumVisualStudioVersion = 10.0.40219.1
Project("{FAE04EC0-301F-11D3-BF4B-00C04F79EFBC}") = "StudyLamp2ndbuild", "StudyLamp2ndbuild.csproj", "{ABF37993-C509-4664-B85E-96B9B6126FF5}"
EndProject
Global
	GlobalSection(SolutionConfigurationPlatforms) = preSolution
		Debug|Any CPU = Debug|Any CPU
		Release|Any CPU = Release|Any CPU
	EndGlobalSection
	GlobalSection(ProjectConfigurationPlatforms) = postSolution
		{ABF37993-C509-4664-B85E-96B9B6126FF5}.Debug|Any CPU.ActiveCfg = Debug|Any CPU
		{ABF37993-C509-4664-B85E-96B9B6126FF5}.Debug|Any CPU.Build.0 = Debug|Any CPU
		{ABF37993-C509-4664-B85E-96B9B6126FF5}.Release|Any CPU.ActiveCfg = Release|Any CPU
		{ABF37993-C509-4664-B85E-96B9B6126FF5}.Release|Any CPU.Build.0 = Release|Any CPU
	EndGlobalSection
	GlobalSection(SolutionProperties) = preSolution
		HideSolutionNode = FALSE
	EndGlobalSection
	GlobalSection(ExtensibilityGlobals) = postSolution
		SolutionGuid = {BB6D05AB-6253-4444-9E45-09961A13DBC8}
	EndGlobalSection
EndGlobal
